
Microsoft Visual Studio Solution File, Format Version 12.00
# Visual Studio Version 17
VisualStudioVersion = 17.0.31903.59
MinimumVisualStudioVersion = 10.0.40219.1
Project("{FAE04EC0-301F-11D3-BF4B-00C04F79EFBC}") = "HexGame.Abstractions", "src\HexGame.Abstractions\HexGame.Abstractions.csproj", "{A1E8F4D2-6B3C-4E5F-9A0B-1C2D3E4F5A6B}"
EndProject
Project("{FAE04EC0-301F-11D3-BF4B-00C04F79EFBC}") = "HexGame.Hosting", "src\HexGame.Hosting\HexGame.Hosting.csproj", "{B2F9E5D3-7C4D-5F6A-0B1C-2D3E4F5A6B7C}"
EndProject
Project("{FAE04EC0-301F-11D3-BF4B-00C04F79EFBC}") = "HexGame.Testing", "src\HexGame.Testing\HexGame.Testing.csproj", "{C3A0F6E4-8D5E-6A7B-1C2D-3E4F5A6B7C8D}"
EndProject
Project("{FAE04EC0-301F-11D3-BF4B-00C04F79EFBC}") = "HexGame.Skeleton.Tests", "tests\HexGame.Skeleton.Tests\HexGame.Skeleton.Tests.csproj", "{D4B1A7F5-9E6F-7B8C-2D3E-4F5A6B7C8D9E}"
EndProject
Global
	GlobalSection(SolutionConfigurationPlatforms) = preSolution
		Debug|Any CPU = Debug|Any CPU
		Release|Any CPU = Release|Any CPU
	EndGlobalSection
	GlobalSection(ProjectConfigurationPlatforms) = postSolution
		{A1E8F4D2-6B3C-4E5F-9A0B-1C2D3E4F5A6B}.Debug|Any CPU.ActiveCfg = Debug|Any CPU
		{A1E8F4D2-6B3C-4E5F-9A0B-1C2D3E4F5A6B}.Debug|Any CPU.Build.0 = Debug|Any CPU
		{A1E8F4D2-6B3C-4E5F-9A0B-1C2D3E4F5A6B}.Release|Any CPU.ActiveCfg = Release|Any CPU
		{A1E8F4D2-6B3C-4E5F-9A0B-1C2D3E4F5A6B}.Release|Any CPU.Build.0 = Release|Any CPU
		{B2F9E5D3-7C4D-5F6A-0B1C-2D3E4F5A6B7C}.Debug|Any CPU.ActiveCfg = Debug|Any CPU
		{B2F9E5D3-7C4D-5F6A-0B1C-2D3E4F5A6B7C}.Debug|Any CPU.Build.0 = Debug|Any CPU
		{B2F9E5D3-7C4D-5F6A-0B1C-2D3E4F5A6B7C}.Release|Any CPU.ActiveCfg = Release|Any CPU
		{B2F9E5D3-7C4D-5F6A-0B1C-2D3E4F5A6B7C}.Release|Any CPU.Build.0 = Release|Any CPU
		{C3A0F6E4-8D5E-6A7B-1C2D-3E4F5A6B7C8D}.Debug|Any CPU.ActiveCfg = Debug|Any CPU
		{C3A0F6E4-8D5E-6A7B-1C2D-3E4F5A6B7C8D}.Debug|Any CPU.Build.0 = Debug|Any CPU
		{C3A0F6E4-8D5E-6A7B-1C2D-3E4F5A6B7C8D}.Release|Any CPU.ActiveCfg = Release|Any CPU
		{C3A0F6E4-8D5E-6A7B-1C2D-3E4F5A6B7C8D}.Release|Any CPU.Build.0 = Release|Any CPU
		{D4B1A7F5-9E6F-7B8C-2D3E-4F5A6B7C8D9E}.Debug|Any CPU.ActiveCfg = Debug|Any CPU
		{D4B1A7F5-9E6F-7B8C-2D3E-4F5A6B7C8D9E}.Debug|Any CPU.Build.0 = Debug|Any CPU
		{D4B1A7F5-9E6F-7B8C-2D3E-4F5A6B7C8D9E}.Release|Any CPU.ActiveCfg = Release|Any CPU
		{D4B1A7F5-9E6F-7B8C-2D3E-4F5A6B7C8D9E}.Release|Any CPU.Build.0 = Release|Any CPU
	EndGlobalSection
EndGlobal
